
Microsoft Visual Studio Solution File, Format Version 12.00
# Visual Studio Version 16
VisualStudioVersion = 16.0.29609.76
MinimumVisualStudioVersion = 10.0.40219.1
Project("{2150E333-8FDC-42A3-9474-1A3956D46DE8}") = "Services", "Services", "{7686ECC3-ACDD-425E-8D6F-9A832398D2F8}"
EndProject
Project("{2150E333-8FDC-42A3-9474-1A3956D46DE8}") = "WebApps", "WebApps", "{00A52181-1947-4749-8A5C-07F1113314A5}"
EndProject
Project("{2150E333-8FDC-42A3-9474-1A3956D46DE8}") = "Cadastros", "Cadastros", "{DC68CE24-CEAD-472D-8C39-9627A9D8481B}"
EndProject
Project("{2150E333-8FDC-42A3-9474-1A3956D46DE8}") = "Catalogo", "Catalogo", "{FD437F53-BAFB-4593-971F-A3F916BC02E9}"
EndProject
Project("{2150E333-8FDC-42A3-9474-1A3956D46DE8}") = "Core", "Core", "{C144A2B7-DBF1-4767-A969-1B5FC90E3994}"
EndProject
Project("{2150E333-8FDC-42A3-9474-1A3956D46DE8}") = "Fiscal", "Fiscal", "{911B0A84-16EA-4613-834E-E6A849882BB2}"
EndProject
Project("{2150E333-8FDC-42A3-9474-1A3956D46DE8}") = "Pagamentos", "Pagamentos", "{5CAD6466-D629-401C-A75F-5EFC3F0E6562}"
EndProject
Project("{2150E333-8FDC-42A3-9474-1A3956D46DE8}") = "Vendas", "Vendas", "{EF07FBA8-9647-4F70-AD93-E4D2577A30F1}"
EndProject
Project("{FAE04EC0-301F-11D3-BF4B-00C04F79EFBC}") = "Store.Catalogo.Domain", "src\Store.Catalogo.Domain\Store.Catalogo.Domain.csproj", "{232FED57-4141-4388-B837-D8E63CED22D7}"
EndProject
Project("{FAE04EC0-301F-11D3-BF4B-00C04F79EFBC}") = "Store.Core", "src\Store.Core\Store.Core.csproj", "{7B68A0A8-7F0A-4B4F-9893-024B1E29B926}"
EndProject
Global
	GlobalSection(SolutionConfigurationPlatforms) = preSolution
		Debug|Any CPU = Debug|Any CPU
		Release|Any CPU = Release|Any CPU
	EndGlobalSection
	GlobalSection(ProjectConfigurationPlatforms) = postSolution
		{232FED57-4141-4388-B837-D8E63CED22D7}.Debug|Any CPU.ActiveCfg = Debug|Any CPU
		{232FED57-4141-4388-B837-D8E63CED22D7}.Debug|Any CPU.Build.0 = Debug|Any CPU
		{232FED57-4141-4388-B837-D8E63CED22D7}.Release|Any CPU.ActiveCfg = Release|Any CPU
		{232FED57-4141-4388-B837-D8E63CED22D7}.Release|Any CPU.Build.0 = Release|Any CPU
		{7B68A0A8-7F0A-4B4F-9893-024B1E29B926}.Debug|Any CPU.ActiveCfg = Debug|Any CPU
		{7B68A0A8-7F0A-4B4F-9893-024B1E29B926}.Debug|Any CPU.Build.0 = Debug|Any CPU
		{7B68A0A8-7F0A-4B4F-9893-024B1E29B926}.Release|Any CPU.ActiveCfg = Release|Any CPU
		{7B68A0A8-7F0A-4B4F-9893-024B1E29B926}.Release|Any CPU.Build.0 = Release|Any CPU
	EndGlobalSection
	GlobalSection(SolutionProperties) = preSolution
		HideSolutionNode = FALSE
	EndGlobalSection
	GlobalSection(NestedProjects) = preSolution
		{DC68CE24-CEAD-472D-8C39-9627A9D8481B} = {7686ECC3-ACDD-425E-8D6F-9A832398D2F8}
		{FD437F53-BAFB-4593-971F-A3F916BC02E9} = {7686ECC3-ACDD-425E-8D6F-9A832398D2F8}
		{C144A2B7-DBF1-4767-A969-1B5FC90E3994} = {7686ECC3-ACDD-425E-8D6F-9A832398D2F8}
		{911B0A84-16EA-4613-834E-E6A849882BB2} = {7686ECC3-ACDD-425E-8D6F-9A832398D2F8}
		{5CAD6466-D629-401C-A75F-5EFC3F0E6562} = {7686ECC3-ACDD-425E-8D6F-9A832398D2F8}
		{EF07FBA8-9647-4F70-AD93-E4D2577A30F1} = {7686ECC3-ACDD-425E-8D6F-9A832398D2F8}
		{232FED57-4141-4388-B837-D8E63CED22D7} = {FD437F53-BAFB-4593-971F-A3F916BC02E9}
		{7B68A0A8-7F0A-4B4F-9893-024B1E29B926} = {C144A2B7-DBF1-4767-A969-1B5FC90E3994}
	EndGlobalSection
	GlobalSection(ExtensibilityGlobals) = postSolution
		SolutionGuid = {15657247-9805-46BE-B4AF-21A21904FBEA}
	EndGlobalSection
EndGlobal
